{
    "_readme": [
        "This file locks the dependencies of your project to a known state",
        "Read more about it at https://getcomposer.org/doc/01-basic-usage.md#composer-lock-the-lock-file",
        "This file is @generated automatically"
    ],
    "hash": "f2d078259363b7cd7e609602021dc612",
    "content-hash": "ba2c36a3f3f09c3b15d4750319b9313a",
    "packages": [
        {
            "name": "cmfcmf/openweathermap-php-api",
            "version": "v2.0.11",
            "source": {
                "type": "git",
                "url": "https://github.com/cmfcmf/OpenWeatherMap-PHP-Api.git",
                "reference": "78a8675b9380579c6ea90574808dc0a02a022f1d"
            },
            "dist": {
                "type": "zip",
                "url": "https://api.github.com/repos/cmfcmf/OpenWeatherMap-PHP-Api/zipball/78a8675b9380579c6ea90574808dc0a02a022f1d",
                "reference": "78a8675b9380579c6ea90574808dc0a02a022f1d",
                "shasum": ""
            },
            "require": {
                "php": ">=5.3.0"
            },
            "type": "library",
            "autoload": {
                "psr-0": {
                    "Cmfcmf\\": ""
                }
            },
            "notification-url": "https://packagist.org/downloads/",
            "license": [
                "MIT"
            ],
            "authors": [
                {
                    "name": "Christian Flach (cmfcmf)",
                    "email": "cmfcmf.flach@gmail.com",
                    "homepage": "http://cmfcmf.github.io",
                    "role": "Developer"
                }
            ],
            "description": "A php api to parse weather data from OpenWeatherMap.org. This api tries to normalise and abstract the data and remove inconsistencies.",
            "homepage": "https://github.com/cmfcmf/OpenWeatherMap-PHP-Api",
            "keywords": [
                "OpenWeatherMap",
                "weather",
                "weather api"
            ],
            "time": "2016-01-31 15:07:52"
        }
    ],
    "packages-dev": [],
    "aliases": [],
    "minimum-stability": "stable",
    "stability-flags": [],
    "prefer-stable": false,
    "prefer-lowest": false,
    "platform": [],
    "platform-dev": []
}
